
Microsoft Visual Studio Solution File, Format Version 11.00
# Visual Studio 2010
Project("{8BC9CEB8-8B4A-11D0-8D11-00A0C91BC942}") = "poj_alltest", "poj_alltest.vcxproj", "{E7E43FED-5A9C-41F0-A506-C8A88E6F0BD4}"
EndProject
Global
	GlobalSection(SolutionConfigurationPlatforms) = preSolution
		Debug|Win32 = Debug|Win32
		Release|Win32 = Release|Win32
	EndGlobalSection
	GlobalSection(ProjectConfigurationPlatforms) = postSolution
		{E7E43FED-5A9C-41F0-A506-C8A88E6F0BD4}.Debug|Win32.ActiveCfg = Debug|Win32
		{E7E43FED-5A9C-41F0-A506-C8A88E6F0BD4}.Debug|Win32.Build.0 = Debug|Win32
		{E7E43FED-5A9C-41F0-A506-C8A88E6F0BD4}.Release|Win32.ActiveCfg = Release|Win32
		{E7E43FED-5A9C-41F0-A506-C8A88E6F0BD4}.Release|Win32.Build.0 = Release|Win32
	EndGlobalSection
	GlobalSection(SolutionProperties) = preSolution
		HideSolutionNode = FALSE
	EndGlobalSection
EndGlobal
